
Microsoft Visual Studio Solution File, Format Version 12.00
# Visual Studio Version 17
VisualStudioVersion = 17.13.35931.197
MinimumVisualStudioVersion = 10.0.40219.1
Project("{FAE04EC0-301F-11D3-BF4B-00C04F79EFBC}") = "MatthL.SqliteEF.Core", "MatthL.SqliteEF.Core\MatthL.SqliteEF.Core.csproj", "{96299A94-C664-4B1A-A330-3D6BF21ABFB8}"
EndProject
Project("{FAE04EC0-301F-11D3-BF4B-00C04F79EFBC}") = "Trash", "Trash\Trash.csproj", "{CE53AF12-5005-47B0-B747-7F27B52A54C0}"
EndProject
Project("{FAE04EC0-301F-11D3-BF4B-00C04F79EFBC}") = "MatthL.SqliteEF.Demo", "MatthL.SqliteEF.Demo\MatthL.SqliteEF.Demo.csproj", "{BA1D13B9-2A5B-4BB6-B768-5DEEE6D680B1}"
EndProject
Project("{FAE04EC0-301F-11D3-BF4B-00C04F79EFBC}") = "SQLiteManager.Tests", "MatthL.SqliteEF.Tests\SQLiteManager.Tests.csproj", "{E1D095D4-7909-6E0A-39E3-BF4ED9D34B50}"
EndProject
Project("{FAE04EC0-301F-11D3-BF4B-00C04F79EFBC}") = "MatthL.SqliteEF.Views", "MatthL.SqliteEF.Views\MatthL.SqliteEF.Views.csproj", "{753BB8ED-9105-2C58-72BB-5817E5D38EAF}"
EndProject
Project("{FAE04EC0-301F-11D3-BF4B-00C04F79EFBC}") = "MatthL.SqliteEF.Infrastructure", "MatthL.SqliteEF.Infrastructure\MatthL.SqliteEF.Infrastructure.csproj", "{82559158-DF6A-4F08-A539-A88A6316DD46}"
EndProject
Global
	GlobalSection(SolutionConfigurationPlatforms) = preSolution
		Debug|Any CPU = Debug|Any CPU
		Release|Any CPU = Release|Any CPU
	EndGlobalSection
	GlobalSection(ProjectConfigurationPlatforms) = postSolution
		{96299A94-C664-4B1A-A330-3D6BF21ABFB8}.Debug|Any CPU.ActiveCfg = Debug|Any CPU
		{96299A94-C664-4B1A-A330-3D6BF21ABFB8}.Debug|Any CPU.Build.0 = Debug|Any CPU
		{96299A94-C664-4B1A-A330-3D6BF21ABFB8}.Release|Any CPU.ActiveCfg = Release|Any CPU
		{96299A94-C664-4B1A-A330-3D6BF21ABFB8}.Release|Any CPU.Build.0 = Release|Any CPU
		{CE53AF12-5005-47B0-B747-7F27B52A54C0}.Debug|Any CPU.ActiveCfg = Debug|Any CPU
		{CE53AF12-5005-47B0-B747-7F27B52A54C0}.Debug|Any CPU.Build.0 = Debug|Any CPU
		{CE53AF12-5005-47B0-B747-7F27B52A54C0}.Release|Any CPU.ActiveCfg = Release|Any CPU
		{CE53AF12-5005-47B0-B747-7F27B52A54C0}.Release|Any CPU.Build.0 = Release|Any CPU
		{BA1D13B9-2A5B-4BB6-B768-5DEEE6D680B1}.Debug|Any CPU.ActiveCfg = Debug|Any CPU
		{BA1D13B9-2A5B-4BB6-B768-5DEEE6D680B1}.Debug|Any CPU.Build.0 = Debug|Any CPU
		{BA1D13B9-2A5B-4BB6-B768-5DEEE6D680B1}.Release|Any CPU.ActiveCfg = Release|Any CPU
		{BA1D13B9-2A5B-4BB6-B768-5DEEE6D680B1}.Release|Any CPU.Build.0 = Release|Any CPU
		{E1D095D4-7909-6E0A-39E3-BF4ED9D34B50}.Debug|Any CPU.ActiveCfg = Debug|Any CPU
		{E1D095D4-7909-6E0A-39E3-BF4ED9D34B50}.Debug|Any CPU.Build.0 = Debug|Any CPU
		{E1D095D4-7909-6E0A-39E3-BF4ED9D34B50}.Release|Any CPU.ActiveCfg = Release|Any CPU
		{E1D095D4-7909-6E0A-39E3-BF4ED9D34B50}.Release|Any CPU.Build.0 = Release|Any CPU
		{753BB8ED-9105-2C58-72BB-5817E5D38EAF}.Debug|Any CPU.ActiveCfg = Debug|Any CPU
		{753BB8ED-9105-2C58-72BB-5817E5D38EAF}.Debug|Any CPU.Build.0 = Debug|Any CPU
		{753BB8ED-9105-2C58-72BB-5817E5D38EAF}.Release|Any CPU.ActiveCfg = Release|Any CPU
		{753BB8ED-9105-2C58-72BB-5817E5D38EAF}.Release|Any CPU.Build.0 = Release|Any CPU
		{82559158-DF6A-4F08-A539-A88A6316DD46}.Debug|Any CPU.ActiveCfg = Debug|Any CPU
		{82559158-DF6A-4F08-A539-A88A6316DD46}.Debug|Any CPU.Build.0 = Debug|Any CPU
		{82559158-DF6A-4F08-A539-A88A6316DD46}.Release|Any CPU.ActiveCfg = Release|Any CPU
		{82559158-DF6A-4F08-A539-A88A6316DD46}.Release|Any CPU.Build.0 = Release|Any CPU
	EndGlobalSection
	GlobalSection(SolutionProperties) = preSolution
		HideSolutionNode = FALSE
	EndGlobalSection
	GlobalSection(ExtensibilityGlobals) = postSolution
		SolutionGuid = {8F713F25-E6EC-40F8-BE34-E247221ECED2}
	EndGlobalSection
EndGlobal
